
Microsoft Visual Studio Solution File, Format Version 12.00
# Visual Studio 2012
Project("{FAE04EC0-301F-11D3-BF4B-00C04F79EFBC}") = "Abacus (xs.monomac)", "..\..\submodules\abacus\build_examples\xs.monomac\Abacus\Abacus (xs.monomac).csproj", "{97195993-2B6B-434B-8F2C-BD0A4BCDC70A}"
EndProject
Project("{FAE04EC0-301F-11D3-BF4B-00C04F79EFBC}") = "Cor.Demo (xs.monomac)", "Cor.Demo\Cor.Demo (xs.monomac).csproj", "{2D399EBD-D7A2-45D8-8BD2-DA9A9A691C48}"
EndProject
Project("{FAE04EC0-301F-11D3-BF4B-00C04F79EFBC}") = "Cor (xs.monomac)", "..\..\submodules\cor\build_examples\xs.monomac\Cor\Cor (xs.monomac).csproj", "{0B27F5CA-51C8-4290-ACE9-CDDDB9F3AC03}"
EndProject
Project("{FAE04EC0-301F-11D3-BF4B-00C04F79EFBC}") = "Blimey (xs.monomac)", "..\..\submodules\blimey\build_examples\xs.monomac\Blimey\Blimey (xs.monomac).csproj", "{1B6913B6-DCF2-4B43-BD2F-2C493801F026}"
EndProject
Project("{FAE04EC0-301F-11D3-BF4B-00C04F79EFBC}") = "Blimey.Demo (xs.monomac)", "Blimey.Demo\Blimey.Demo (xs.monomac).csproj", "{49536819-F662-4249-A36A-B59D0ACEA955}"
EndProject
Global
	GlobalSection(SolutionConfigurationPlatforms) = preSolution
		Debug|x86 = Debug|x86
		Release|x86 = Release|x86
		AppStore|x86 = AppStore|x86
	EndGlobalSection
	GlobalSection(ProjectConfigurationPlatforms) = postSolution
		{0B27F5CA-51C8-4290-ACE9-CDDDB9F3AC03}.AppStore|x86.ActiveCfg = Release|Any CPU
		{0B27F5CA-51C8-4290-ACE9-CDDDB9F3AC03}.AppStore|x86.Build.0 = Release|Any CPU
		{0B27F5CA-51C8-4290-ACE9-CDDDB9F3AC03}.Debug|x86.ActiveCfg = Debug|Any CPU
		{0B27F5CA-51C8-4290-ACE9-CDDDB9F3AC03}.Debug|x86.Build.0 = Debug|Any CPU
		{0B27F5CA-51C8-4290-ACE9-CDDDB9F3AC03}.Release|x86.ActiveCfg = Release|Any CPU
		{0B27F5CA-51C8-4290-ACE9-CDDDB9F3AC03}.Release|x86.Build.0 = Release|Any CPU
		{1B6913B6-DCF2-4B43-BD2F-2C493801F026}.AppStore|x86.ActiveCfg = Release|Any CPU
		{1B6913B6-DCF2-4B43-BD2F-2C493801F026}.AppStore|x86.Build.0 = Release|Any CPU
		{1B6913B6-DCF2-4B43-BD2F-2C493801F026}.Debug|x86.ActiveCfg = Debug|Any CPU
		{1B6913B6-DCF2-4B43-BD2F-2C493801F026}.Debug|x86.Build.0 = Debug|Any CPU
		{1B6913B6-DCF2-4B43-BD2F-2C493801F026}.Release|x86.ActiveCfg = Release|Any CPU
		{1B6913B6-DCF2-4B43-BD2F-2C493801F026}.Release|x86.Build.0 = Release|Any CPU
		{2D399EBD-D7A2-45D8-8BD2-DA9A9A691C48}.AppStore|x86.ActiveCfg = AppStore|x86
		{2D399EBD-D7A2-45D8-8BD2-DA9A9A691C48}.AppStore|x86.Build.0 = AppStore|x86
		{2D399EBD-D7A2-45D8-8BD2-DA9A9A691C48}.Debug|x86.ActiveCfg = Debug|x86
		{2D399EBD-D7A2-45D8-8BD2-DA9A9A691C48}.Debug|x86.Build.0 = Debug|x86
		{2D399EBD-D7A2-45D8-8BD2-DA9A9A691C48}.Release|x86.ActiveCfg = Release|x86
		{2D399EBD-D7A2-45D8-8BD2-DA9A9A691C48}.Release|x86.Build.0 = Release|x86
		{49536819-F662-4249-A36A-B59D0ACEA955}.AppStore|x86.ActiveCfg = AppStore|x86
		{49536819-F662-4249-A36A-B59D0ACEA955}.AppStore|x86.Build.0 = AppStore|x86
		{49536819-F662-4249-A36A-B59D0ACEA955}.Debug|x86.ActiveCfg = Debug|x86
		{49536819-F662-4249-A36A-B59D0ACEA955}.Debug|x86.Build.0 = Debug|x86
		{49536819-F662-4249-A36A-B59D0ACEA955}.Release|x86.ActiveCfg = Release|x86
		{49536819-F662-4249-A36A-B59D0ACEA955}.Release|x86.Build.0 = Release|x86
		{97195993-2B6B-434B-8F2C-BD0A4BCDC70A}.AppStore|x86.ActiveCfg = Debug|Any CPU
		{97195993-2B6B-434B-8F2C-BD0A4BCDC70A}.AppStore|x86.Build.0 = Debug|Any CPU
		{97195993-2B6B-434B-8F2C-BD0A4BCDC70A}.Debug|x86.ActiveCfg = Debug|Any CPU
		{97195993-2B6B-434B-8F2C-BD0A4BCDC70A}.Debug|x86.Build.0 = Debug|Any CPU
		{97195993-2B6B-434B-8F2C-BD0A4BCDC70A}.Release|x86.ActiveCfg = Release|Any CPU
		{97195993-2B6B-434B-8F2C-BD0A4BCDC70A}.Release|x86.Build.0 = Release|Any CPU
	EndGlobalSection
	GlobalSection(MonoDevelopProperties) = preSolution
		StartupItem = Blimey.Demo\Blimey.Demo (xs.monomac).csproj
	EndGlobalSection
EndGlobal
