
Microsoft Visual Studio Solution File, Format Version 12.00
# Visual Studio 2012
Project("{FAE04EC0-301F-11D3-BF4B-00C04F79EFBC}") = "Abacus (xs.mono40)", "..\submodules\abacus\build\xs.mono40\Abacus\Abacus (xs.mono40).csproj", "{36D73AA0-0216-4B97-A0A6-7A896AFE6CEA}"
EndProject
Project("{FAE04EC0-301F-11D3-BF4B-00C04F79EFBC}") = "Cor (xs.mono40)", "..\submodules\cor\build\xs.mono40\Cor\Cor (xs.mono40).csproj", "{ECA286F0-0161-4AB0-9367-0D86D3CE2F20}"
EndProject
Project("{FAE04EC0-301F-11D3-BF4B-00C04F79EFBC}") = "ServiceStack.Text", "..\submodules\ServiceStack.Text\src\ServiceStack.Text\ServiceStack.Text.csproj", "{579B3FDB-CDAD-44E1-8417-885C38E49A0E}"
EndProject
Project("{FAE04EC0-301F-11D3-BF4B-00C04F79EFBC}") = "Blimey.Assets.AssImp (xs.mono40)", "Blimey.Assets.AssImp\Blimey.Assets.AssImp (xs.mono40).csproj", "{6C72B877-5395-4BF1-BE47-0E67D5557168}"
EndProject
Project("{FAE04EC0-301F-11D3-BF4B-00C04F79EFBC}") = "Blimey.Assets.Pipeline (xs.mono40)", "Blimey.Assets.Pipeline\Blimey.Assets.Pipeline (xs.mono40).csproj", "{60BC671B-7C9C-48C8-9A25-6A4303381C06}"
EndProject
Project("{FAE04EC0-301F-11D3-BF4B-00C04F79EFBC}") = "Blimey.Assets.Builders (xs.mono40)", "Blimey.Assets.Builders\Blimey.Assets.Builders (xs.mono40).csproj", "{E42ABA06-F20C-48AA-B039-96EA5191377E}"
EndProject
Project("{FAE04EC0-301F-11D3-BF4B-00C04F79EFBC}") = "Blimey.AssetBuilder (xs.mono40)", "Blimey.AssetBuilder\Blimey.AssetBuilder (xs.mono40).csproj", "{2A0A72E5-F5D3-4CCC-B4E5-5FB0E89F1EF9}"
EndProject
Project("{FAE04EC0-301F-11D3-BF4B-00C04F79EFBC}") = "Oats (xs.mono40)", "..\submodules\oats\build\Oats\Oats (xs.mono40).csproj", "{44DD7EF6-AB42-48A3-88CA-0B1107F5F126}"
EndProject
Project("{FAE04EC0-301F-11D3-BF4B-00C04F79EFBC}") = "Fudge (xs.mono40)", "..\submodules\fudge\build\xs.mono40\Fudge\Fudge (xs.mono40).csproj", "{C3491695-CFAE-427F-86F9-EEB25E58FB37}"
EndProject
Project("{FAE04EC0-301F-11D3-BF4B-00C04F79EFBC}") = "Blimey (xs.mono40)", "..\submodules\blimey\build\xs.mono40\Blimey\Blimey (xs.mono40).csproj", "{751BD674-BDC0-427B-9FAD-ED3D275C3595}"
EndProject
Global
	GlobalSection(SolutionConfigurationPlatforms) = preSolution
		Debug|Any CPU = Debug|Any CPU
		Release|Any CPU = Release|Any CPU
		MonoTouch|Any CPU = MonoTouch|Any CPU
	EndGlobalSection
	GlobalSection(ProjectConfigurationPlatforms) = postSolution
		{2A0A72E5-F5D3-4CCC-B4E5-5FB0E89F1EF9}.Debug|Any CPU.ActiveCfg = Debug|Any CPU
		{2A0A72E5-F5D3-4CCC-B4E5-5FB0E89F1EF9}.Debug|Any CPU.Build.0 = Debug|Any CPU
		{2A0A72E5-F5D3-4CCC-B4E5-5FB0E89F1EF9}.MonoTouch|Any CPU.ActiveCfg = Debug|Any CPU
		{2A0A72E5-F5D3-4CCC-B4E5-5FB0E89F1EF9}.MonoTouch|Any CPU.Build.0 = Debug|Any CPU
		{2A0A72E5-F5D3-4CCC-B4E5-5FB0E89F1EF9}.Release|Any CPU.ActiveCfg = Release|Any CPU
		{2A0A72E5-F5D3-4CCC-B4E5-5FB0E89F1EF9}.Release|Any CPU.Build.0 = Release|Any CPU
		{36D73AA0-0216-4B97-A0A6-7A896AFE6CEA}.Debug|Any CPU.ActiveCfg = Debug|Any CPU
		{36D73AA0-0216-4B97-A0A6-7A896AFE6CEA}.Debug|Any CPU.Build.0 = Debug|Any CPU
		{36D73AA0-0216-4B97-A0A6-7A896AFE6CEA}.MonoTouch|Any CPU.ActiveCfg = Debug|Any CPU
		{36D73AA0-0216-4B97-A0A6-7A896AFE6CEA}.MonoTouch|Any CPU.Build.0 = Debug|Any CPU
		{36D73AA0-0216-4B97-A0A6-7A896AFE6CEA}.Release|Any CPU.ActiveCfg = Release|Any CPU
		{36D73AA0-0216-4B97-A0A6-7A896AFE6CEA}.Release|Any CPU.Build.0 = Release|Any CPU
		{44DD7EF6-AB42-48A3-88CA-0B1107F5F126}.Debug|Any CPU.ActiveCfg = Debug|Any CPU
		{44DD7EF6-AB42-48A3-88CA-0B1107F5F126}.Debug|Any CPU.Build.0 = Debug|Any CPU
		{44DD7EF6-AB42-48A3-88CA-0B1107F5F126}.MonoTouch|Any CPU.ActiveCfg = Debug|Any CPU
		{44DD7EF6-AB42-48A3-88CA-0B1107F5F126}.MonoTouch|Any CPU.Build.0 = Debug|Any CPU
		{44DD7EF6-AB42-48A3-88CA-0B1107F5F126}.Release|Any CPU.ActiveCfg = Release|Any CPU
		{44DD7EF6-AB42-48A3-88CA-0B1107F5F126}.Release|Any CPU.Build.0 = Release|Any CPU
		{579B3FDB-CDAD-44E1-8417-885C38E49A0E}.Debug|Any CPU.ActiveCfg = Debug|Any CPU
		{579B3FDB-CDAD-44E1-8417-885C38E49A0E}.Debug|Any CPU.Build.0 = Debug|Any CPU
		{579B3FDB-CDAD-44E1-8417-885C38E49A0E}.MonoTouch|Any CPU.ActiveCfg = MonoTouch|Any CPU
		{579B3FDB-CDAD-44E1-8417-885C38E49A0E}.MonoTouch|Any CPU.Build.0 = MonoTouch|Any CPU
		{579B3FDB-CDAD-44E1-8417-885C38E49A0E}.Release|Any CPU.ActiveCfg = Release|Any CPU
		{579B3FDB-CDAD-44E1-8417-885C38E49A0E}.Release|Any CPU.Build.0 = Release|Any CPU
		{60BC671B-7C9C-48C8-9A25-6A4303381C06}.Debug|Any CPU.ActiveCfg = Debug|Any CPU
		{60BC671B-7C9C-48C8-9A25-6A4303381C06}.Debug|Any CPU.Build.0 = Debug|Any CPU
		{60BC671B-7C9C-48C8-9A25-6A4303381C06}.MonoTouch|Any CPU.ActiveCfg = Debug|Any CPU
		{60BC671B-7C9C-48C8-9A25-6A4303381C06}.MonoTouch|Any CPU.Build.0 = Debug|Any CPU
		{60BC671B-7C9C-48C8-9A25-6A4303381C06}.Release|Any CPU.ActiveCfg = Release|Any CPU
		{60BC671B-7C9C-48C8-9A25-6A4303381C06}.Release|Any CPU.Build.0 = Release|Any CPU
		{6C72B877-5395-4BF1-BE47-0E67D5557168}.Debug|Any CPU.ActiveCfg = Debug|Any CPU
		{6C72B877-5395-4BF1-BE47-0E67D5557168}.Debug|Any CPU.Build.0 = Debug|Any CPU
		{6C72B877-5395-4BF1-BE47-0E67D5557168}.MonoTouch|Any CPU.ActiveCfg = Debug|Any CPU
		{6C72B877-5395-4BF1-BE47-0E67D5557168}.MonoTouch|Any CPU.Build.0 = Debug|Any CPU
		{6C72B877-5395-4BF1-BE47-0E67D5557168}.Release|Any CPU.ActiveCfg = Release|Any CPU
		{6C72B877-5395-4BF1-BE47-0E67D5557168}.Release|Any CPU.Build.0 = Release|Any CPU
		{751BD674-BDC0-427B-9FAD-ED3D275C3595}.Debug|Any CPU.ActiveCfg = Debug|Any CPU
		{751BD674-BDC0-427B-9FAD-ED3D275C3595}.Debug|Any CPU.Build.0 = Debug|Any CPU
		{751BD674-BDC0-427B-9FAD-ED3D275C3595}.MonoTouch|Any CPU.ActiveCfg = Debug|Any CPU
		{751BD674-BDC0-427B-9FAD-ED3D275C3595}.MonoTouch|Any CPU.Build.0 = Debug|Any CPU
		{751BD674-BDC0-427B-9FAD-ED3D275C3595}.Release|Any CPU.ActiveCfg = Release|Any CPU
		{751BD674-BDC0-427B-9FAD-ED3D275C3595}.Release|Any CPU.Build.0 = Release|Any CPU
		{C3491695-CFAE-427F-86F9-EEB25E58FB37}.Debug|Any CPU.ActiveCfg = Debug|Any CPU
		{C3491695-CFAE-427F-86F9-EEB25E58FB37}.Debug|Any CPU.Build.0 = Debug|Any CPU
		{C3491695-CFAE-427F-86F9-EEB25E58FB37}.MonoTouch|Any CPU.ActiveCfg = Debug|Any CPU
		{C3491695-CFAE-427F-86F9-EEB25E58FB37}.MonoTouch|Any CPU.Build.0 = Debug|Any CPU
		{C3491695-CFAE-427F-86F9-EEB25E58FB37}.Release|Any CPU.ActiveCfg = Release|Any CPU
		{C3491695-CFAE-427F-86F9-EEB25E58FB37}.Release|Any CPU.Build.0 = Release|Any CPU
		{E42ABA06-F20C-48AA-B039-96EA5191377E}.Debug|Any CPU.ActiveCfg = Debug|Any CPU
		{E42ABA06-F20C-48AA-B039-96EA5191377E}.Debug|Any CPU.Build.0 = Debug|Any CPU
		{E42ABA06-F20C-48AA-B039-96EA5191377E}.MonoTouch|Any CPU.ActiveCfg = Debug|Any CPU
		{E42ABA06-F20C-48AA-B039-96EA5191377E}.MonoTouch|Any CPU.Build.0 = Debug|Any CPU
		{E42ABA06-F20C-48AA-B039-96EA5191377E}.Release|Any CPU.ActiveCfg = Release|Any CPU
		{E42ABA06-F20C-48AA-B039-96EA5191377E}.Release|Any CPU.Build.0 = Release|Any CPU
		{ECA286F0-0161-4AB0-9367-0D86D3CE2F20}.Debug|Any CPU.ActiveCfg = Debug|Any CPU
		{ECA286F0-0161-4AB0-9367-0D86D3CE2F20}.Debug|Any CPU.Build.0 = Debug|Any CPU
		{ECA286F0-0161-4AB0-9367-0D86D3CE2F20}.MonoTouch|Any CPU.ActiveCfg = Debug|Any CPU
		{ECA286F0-0161-4AB0-9367-0D86D3CE2F20}.MonoTouch|Any CPU.Build.0 = Debug|Any CPU
		{ECA286F0-0161-4AB0-9367-0D86D3CE2F20}.Release|Any CPU.ActiveCfg = Release|Any CPU
		{ECA286F0-0161-4AB0-9367-0D86D3CE2F20}.Release|Any CPU.Build.0 = Release|Any CPU
	EndGlobalSection
	GlobalSection(MonoDevelopProperties) = preSolution
		StartupItem = Blimey.AssetBuilder\Blimey.AssetBuilder (xs.mono40).csproj
	EndGlobalSection
EndGlobal
