
Microsoft Visual Studio Solution File, Format Version 12.00
# Visual Studio 2012
Project("{FAE04EC0-301F-11D3-BF4B-00C04F79EFBC}") = "Blimey.Engine.Demo.OpenTKGame (mono_develop)", "Blimey.Engine.Demo.OpenTKGame\Blimey.Engine.Demo.OpenTKGame (mono_develop).csproj", "{87DF5D53-5B6E-466B-986D-C4855AB0DB7B}"
EndProject
Global
	GlobalSection(SolutionConfigurationPlatforms) = preSolution
		Debug|x86 = Debug|x86
		Release|x86 = Release|x86
	EndGlobalSection
	GlobalSection(ProjectConfigurationPlatforms) = postSolution
		{87DF5D53-5B6E-466B-986D-C4855AB0DB7B}.Debug|x86.ActiveCfg = Debug|x86
		{87DF5D53-5B6E-466B-986D-C4855AB0DB7B}.Debug|x86.Build.0 = Debug|x86
		{87DF5D53-5B6E-466B-986D-C4855AB0DB7B}.Release|x86.ActiveCfg = Release|x86
		{87DF5D53-5B6E-466B-986D-C4855AB0DB7B}.Release|x86.Build.0 = Release|x86
		{EE635942-E5A8-461E-8D4C-9B9C535EE588}.Debug|x86.ActiveCfg = Debug|x86
		{EE635942-E5A8-461E-8D4C-9B9C535EE588}.Debug|x86.Build.0 = Debug|x86
		{EE635942-E5A8-461E-8D4C-9B9C535EE588}.Release|x86.ActiveCfg = Release|x86
		{EE635942-E5A8-461E-8D4C-9B9C535EE588}.Release|x86.Build.0 = Release|x86
	EndGlobalSection
EndGlobal
